// !$*UTF8*$!
{
	archiveVersion = 1;
	classes = {
	};
	objectVersion = 55;
	objects = {

/* Begin PBXBuildFile section */
		4D8CD870277BD81200385785 /* Post.swift in Sources */ = {isa = PBXBuildFile; fileRef = 4D8CD865277BD81000385785 /* Post.swift */; };
		4D8CD871277BD81200385785 /* PostCell.swift in Sources */ = {isa = PBXBuildFile; fileRef = 4D8CD866277BD81000385785 /* PostCell.swift */; };
		4D8CD872277BD81200385785 /* ImageView.swift in Sources */ = {isa = PBXBuildFile; fileRef = 4D8CD867277BD81100385785 /* ImageView.swift */; };
		4D8CD873277BD81200385785 /* Activity.swift in Sources */ = {isa = PBXBuildFile; fileRef = 4D8CD868277BD81100385785 /* Activity.swift */; };
		4D8CD874277BD81200385785 /* PostViewController.swift in Sources */ = {isa = PBXBuildFile; fileRef = 4D8CD869277BD81100385785 /* PostViewController.swift */; };
		4D8CD875277BD81200385785 /* DetailsViewController.swift in Sources */ = {isa = PBXBuildFile; fileRef = 4D8CD86A277BD81100385785 /* DetailsViewController.swift */; };
		4D8CD876277BD81200385785 /* Alert.swift in Sources */ = {isa = PBXBuildFile; fileRef = 4D8CD86B277BD81100385785 /* Alert.swift */; };
		4D8CD877277BD81200385785 /* User.swift in Sources */ = {isa = PBXBuildFile; fileRef = 4D8CD86C277BD81100385785 /* User.swift */; };
		4D8CD878277BD81200385785 /* PostCell.xib in Resources */ = {isa = PBXBuildFile; fileRef = 4D8CD86D277BD81100385785 /* PostCell.xib */; };
		4D8CD879277BD81200385785 /* LandingViewController.swift in Sources */ = {isa = PBXBuildFile; fileRef = 4D8CD86E277BD81100385785 /* LandingViewController.swift */; };
		4D8CD87A277BD81200385785 /* HomeViewController.swift in Sources */ = {isa = PBXBuildFile; fileRef = 4D8CD86F277BD81200385785 /* HomeViewController.swift */; };
		A72EC591277861A800F4AE3E /* RegisterViewController.swift in Sources */ = {isa = PBXBuildFile; fileRef = A72EC590277861A800F4AE3E /* RegisterViewController.swift */; };
		A72EC593277861E800F4AE3E /* LoginViewController.swift in Sources */ = {isa = PBXBuildFile; fileRef = A72EC592277861E800F4AE3E /* LoginViewController.swift */; };
		A72EC5A327787A9F00F4AE3E /* GoogleService-Info.plist in Resources */ = {isa = PBXBuildFile; fileRef = A72EC5A227787A9F00F4AE3E /* GoogleService-Info.plist */; };
		A72EC5A627787D1F00F4AE3E /* FirebaseAuth in Frameworks */ = {isa = PBXBuildFile; productRef = A72EC5A527787D1F00F4AE3E /* FirebaseAuth */; };
		A72EC5A827787D1F00F4AE3E /* FirebaseFirestore in Frameworks */ = {isa = PBXBuildFile; productRef = A72EC5A727787D1F00F4AE3E /* FirebaseFirestore */; };
		A72EC5AA27787D1F00F4AE3E /* FirebaseStorage in Frameworks */ = {isa = PBXBuildFile; productRef = A72EC5A927787D1F00F4AE3E /* FirebaseStorage */; };
		A730206C277F6E5500470AE8 /* Localizable.strings in Resources */ = {isa = PBXBuildFile; fileRef = A730206E277F6E5500470AE8 /* Localizable.strings */; };
		A73020712781838D00470AE8 /* BundleExtention.swift in Sources */ = {isa = PBXBuildFile; fileRef = A73020702781838D00470AE8 /* BundleExtention.swift */; };
		A76056DB2774B14C00B0AD3E /* AppDelegate.swift in Sources */ = {isa = PBXBuildFile; fileRef = A76056DA2774B14C00B0AD3E /* AppDelegate.swift */; };
		A76056DD2774B14C00B0AD3E /* SceneDelegate.swift in Sources */ = {isa = PBXBuildFile; fileRef = A76056DC2774B14C00B0AD3E /* SceneDelegate.swift */; };
		A76056DF2774B14C00B0AD3E /* ViewController.swift in Sources */ = {isa = PBXBuildFile; fileRef = A76056DE2774B14C00B0AD3E /* ViewController.swift */; };
		A76056E22774B14C00B0AD3E /* Main.storyboard in Resources */ = {isa = PBXBuildFile; fileRef = A76056E02774B14C00B0AD3E /* Main.storyboard */; };
		A76056E42774B15100B0AD3E /* Assets.xcassets in Resources */ = {isa = PBXBuildFile; fileRef = A76056E32774B15100B0AD3E /* Assets.xcassets */; };
		A76056E72774B15100B0AD3E /* LaunchScreen.storyboard in Resources */ = {isa = PBXBuildFile; fileRef = A76056E52774B15100B0AD3E /* LaunchScreen.storyboard */; };
		A7DD8E5D27857BB100A538FE /* MyBooksViewController.swift in Sources */ = {isa = PBXBuildFile; fileRef = A7DD8E5C27857BB100A538FE /* MyBooksViewController.swift */; };
		A7DD8E60278EFD3500A538FE /* IQKeyboardManagerSwift in Frameworks */ = {isa = PBXBuildFile; productRef = A7DD8E5F278EFD3500A538FE /* IQKeyboardManagerSwift */; };
/* End PBXBuildFile section */

/* Begin PBXFileReference section */
		4D8CD865277BD81000385785 /* Post.swift */ = {isa = PBXFileReference; fileEncoding = 4; lastKnownFileType = sourcecode.swift; name = Post.swift; path = "myBookStoreApp/ Model/Post.swift"; sourceTree = SOURCE_ROOT; };
		4D8CD866277BD81000385785 /* PostCell.swift */ = {isa = PBXFileReference; fileEncoding = 4; lastKnownFileType = sourcecode.swift; name = PostCell.swift; path = myBookStoreApp/View/PostCell.swift; sourceTree = SOURCE_ROOT; };
		4D8CD867277BD81100385785 /* ImageView.swift */ = {isa = PBXFileReference; fileEncoding = 4; lastKnownFileType = sourcecode.swift; name = ImageView.swift; path = myBookStoreApp/Main/ImageView.swift; sourceTree = SOURCE_ROOT; };
		4D8CD868277BD81100385785 /* Activity.swift */ = {isa = PBXFileReference; fileEncoding = 4; lastKnownFileType = sourcecode.swift; name = Activity.swift; path = myBookStoreApp/Main/Activity.swift; sourceTree = SOURCE_ROOT; };
		4D8CD869277BD81100385785 /* PostViewController.swift */ = {isa = PBXFileReference; fileEncoding = 4; lastKnownFileType = sourcecode.swift; name = PostViewController.swift; path = myBookStoreApp/Main/PostViewController.swift; sourceTree = SOURCE_ROOT; };
		4D8CD86A277BD81100385785 /* DetailsViewController.swift */ = {isa = PBXFileReference; fileEncoding = 4; lastKnownFileType = sourcecode.swift; name = DetailsViewController.swift; path = myBookStoreApp/Main/DetailsViewController.swift; sourceTree = SOURCE_ROOT; };
		4D8CD86B277BD81100385785 /* Alert.swift */ = {isa = PBXFileReference; fileEncoding = 4; lastKnownFileType = sourcecode.swift; name = Alert.swift; path = myBookStoreApp/Main/Alert.swift; sourceTree = SOURCE_ROOT; };
		4D8CD86C277BD81100385785 /* User.swift */ = {isa = PBXFileReference; fileEncoding = 4; lastKnownFileType = sourcecode.swift; name = User.swift; path = "myBookStoreApp/ Model/User.swift"; sourceTree = SOURCE_ROOT; };
		4D8CD86D277BD81100385785 /* PostCell.xib */ = {isa = PBXFileReference; fileEncoding = 4; lastKnownFileType = file.xib; name = PostCell.xib; path = myBookStoreApp/View/PostCell.xib; sourceTree = SOURCE_ROOT; };
		4D8CD86E277BD81100385785 /* LandingViewController.swift */ = {isa = PBXFileReference; fileEncoding = 4; lastKnownFileType = sourcecode.swift; name = LandingViewController.swift; path = myBookStoreApp/Main/LandingViewController.swift; sourceTree = SOURCE_ROOT; };
		4D8CD86F277BD81200385785 /* HomeViewController.swift */ = {isa = PBXFileReference; fileEncoding = 4; lastKnownFileType = sourcecode.swift; name = HomeViewController.swift; path = myBookStoreApp/Main/HomeViewController.swift; sourceTree = SOURCE_ROOT; };
		A72EC590277861A800F4AE3E /* RegisterViewController.swift */ = {isa = PBXFileReference; lastKnownFileType = sourcecode.swift; path = RegisterViewController.swift; sourceTree = "<group>"; };
		A72EC592277861E800F4AE3E /* LoginViewController.swift */ = {isa = PBXFileReference; lastKnownFileType = sourcecode.swift; path = LoginViewController.swift; sourceTree = "<group>"; };
		A72EC5942778649B00F4AE3E /* ar */ = {isa = PBXFileReference; lastKnownFileType = text.plist.strings; name = ar; path = ar.lproj/Main.strings; sourceTree = "<group>"; };
		A72EC5952778649B00F4AE3E /* ar */ = {isa = PBXFileReference; lastKnownFileType = text.plist.strings; name = ar; path = ar.lproj/LaunchScreen.strings; sourceTree = "<group>"; };
		A72EC597277864DF00F4AE3E /* en */ = {isa = PBXFileReference; lastKnownFileType = text.plist.strings; name = en; path = en.lproj/Main.strings; sourceTree = "<group>"; };
		A72EC599277864FC00F4AE3E /* en */ = {isa = PBXFileReference; lastKnownFileType = text.plist.strings; name = en; path = en.lproj/LaunchScreen.strings; sourceTree = "<group>"; };
		A72EC5A227787A9F00F4AE3E /* GoogleService-Info.plist */ = {isa = PBXFileReference; fileEncoding = 4; lastKnownFileType = text.plist.xml; path = "GoogleService-Info.plist"; sourceTree = "<group>"; };
		A730206D277F6E5500470AE8 /* ar */ = {isa = PBXFileReference; lastKnownFileType = text.plist.strings; name = ar; path = ar.lproj/Localizable.strings; sourceTree = "<group>"; };
		A730206F277F6E5800470AE8 /* en */ = {isa = PBXFileReference; lastKnownFileType = text.plist.strings; name = en; path = en.lproj/Localizable.strings; sourceTree = "<group>"; };
		A73020702781838D00470AE8 /* BundleExtention.swift */ = {isa = PBXFileReference; lastKnownFileType = sourcecode.swift; path = BundleExtention.swift; sourceTree = "<group>"; };
		A76056D72774B14C00B0AD3E /* myBookStoreApp.app */ = {isa = PBXFileReference; explicitFileType = wrapper.application; includeInIndex = 0; path = myBookStoreApp.app; sourceTree = BUILT_PRODUCTS_DIR; };
		A76056DA2774B14C00B0AD3E /* AppDelegate.swift */ = {isa = PBXFileReference; lastKnownFileType = sourcecode.swift; path = AppDelegate.swift; sourceTree = "<group>"; };
		A76056DC2774B14C00B0AD3E /* SceneDelegate.swift */ = {isa = PBXFileReference; lastKnownFileType = sourcecode.swift; path = SceneDelegate.swift; sourceTree = "<group>"; };
		A76056DE2774B14C00B0AD3E /* ViewController.swift */ = {isa = PBXFileReference; lastKnownFileType = sourcecode.swift; path = ViewController.swift; sourceTree = "<group>"; };
		A76056E12774B14C00B0AD3E /* Base */ = {isa = PBXFileReference; lastKnownFileType = file.storyboard; name = Base; path = Base.lproj/Main.storyboard; sourceTree = "<group>"; };
		A76056E32774B15100B0AD3E /* Assets.xcassets */ = {isa = PBXFileReference; lastKnownFileType = folder.assetcatalog; path = Assets.xcassets; sourceTree = "<group>"; };
		A76056E62774B15100B0AD3E /* Base */ = {isa = PBXFileReference; lastKnownFileType = file.storyboard; name = Base; path = Base.lproj/LaunchScreen.storyboard; sourceTree = "<group>"; };
		A76056E82774B15100B0AD3E /* Info.plist */ = {isa = PBXFileReference; lastKnownFileType = text.plist.xml; path = Info.plist; sourceTree = "<group>"; };
		A7DD8E5C27857BB100A538FE /* MyBooksViewController.swift */ = {isa = PBXFileReference; lastKnownFileType = sourcecode.swift; path = MyBooksViewController.swift; sourceTree = "<group>"; };
/* End PBXFileReference section */

/* Begin PBXFrameworksBuildPhase section */
		A76056D42774B14C00B0AD3E /* Frameworks */ = {
			isa = PBXFrameworksBuildPhase;
			buildActionMask = 2147483647;
			files = (
				A72EC5A627787D1F00F4AE3E /* FirebaseAuth in Frameworks */,
				A7DD8E60278EFD3500A538FE /* IQKeyboardManagerSwift in Frameworks */,
				A72EC5A827787D1F00F4AE3E /* FirebaseFirestore in Frameworks */,
				A72EC5AA27787D1F00F4AE3E /* FirebaseStorage in Frameworks */,
			);
			runOnlyForDeploymentPostprocessing = 0;
		};
/* End PBXFrameworksBuildPhase section */

/* Begin PBXGroup section */
		4DE0902A277BD0A300DA7C4F /*  Model */ = {
			isa = PBXGroup;
			children = (
				4D8CD865277BD81000385785 /* Post.swift */,
				4D8CD86C277BD81100385785 /* User.swift */,
			);
			path = " Model";
			sourceTree = "<group>";
		};
		4DE0902B277BD0AB00DA7C4F /* Controller */ = {
			isa = PBXGroup;
			children = (
				A7DD8E5C27857BB100A538FE /* MyBooksViewController.swift */,
				A73020702781838D00470AE8 /* BundleExtention.swift */,
				A76056DE2774B14C00B0AD3E /* ViewController.swift */,
				4D8CD868277BD81100385785 /* Activity.swift */,
				A72EC592277861E800F4AE3E /* LoginViewController.swift */,
				A72EC590277861A800F4AE3E /* RegisterViewController.swift */,
				4D8CD86B277BD81100385785 /* Alert.swift */,
				4D8CD86A277BD81100385785 /* DetailsViewController.swift */,
				4D8CD86F277BD81200385785 /* HomeViewController.swift */,
				4D8CD867277BD81100385785 /* ImageView.swift */,
				4D8CD86E277BD81100385785 /* LandingViewController.swift */,
				4D8CD869277BD81100385785 /* PostViewController.swift */,
			);
			name = Controller;
			path = "New Group1";
			sourceTree = "<group>";
		};
		4DE0902C277BD0B500DA7C4F /* View */ = {
			isa = PBXGroup;
			children = (
				A76056E52774B15100B0AD3E /* LaunchScreen.storyboard */,
				A76056E02774B14C00B0AD3E /* Main.storyboard */,
				4D8CD86D277BD81100385785 /* PostCell.xib */,
				4D8CD866277BD81000385785 /* PostCell.swift */,
			);
			path = View;
			sourceTree = "<group>";
		};
		A76056CE2774B14C00B0AD3E = {
			isa = PBXGroup;
			children = (
				A730206E277F6E5500470AE8 /* Localizable.strings */,
				A76056D92774B14C00B0AD3E /* myBookStoreApp */,
				A76056D82774B14C00B0AD3E /* Products */,
			);
			sourceTree = "<group>";
		};
		A76056D82774B14C00B0AD3E /* Products */ = {
			isa = PBXGroup;
			children = (
				A76056D72774B14C00B0AD3E /* myBookStoreApp.app */,
			);
			name = Products;
			sourceTree = "<group>";
		};
		A76056D92774B14C00B0AD3E /* myBookStoreApp */ = {
			isa = PBXGroup;
			children = (
				A76056E82774B15100B0AD3E /* Info.plist */,
				A72EC5A227787A9F00F4AE3E /* GoogleService-Info.plist */,
				A76056DA2774B14C00B0AD3E /* AppDelegate.swift */,
				A76056DC2774B14C00B0AD3E /* SceneDelegate.swift */,
				A76056E32774B15100B0AD3E /* Assets.xcassets */,
				4DE0902A277BD0A300DA7C4F /*  Model */,
				4DE0902C277BD0B500DA7C4F /* View */,
				4DE0902B277BD0AB00DA7C4F /* Controller */,
			);
			path = myBookStoreApp;
			sourceTree = "<group>";
		};
/* End PBXGroup section */

/* Begin PBXNativeTarget section */
		A76056D62774B14C00B0AD3E /* myBookStoreApp */ = {
			isa = PBXNativeTarget;
			buildConfigurationList = A76056EB2774B15100B0AD3E /* Build configuration list for PBXNativeTarget "myBookStoreApp" */;
			buildPhases = (
				A76056D32774B14C00B0AD3E /* Sources */,
				A76056D42774B14C00B0AD3E /* Frameworks */,
				A76056D52774B14C00B0AD3E /* Resources */,
			);
			buildRules = (
			);
			dependencies = (
			);
			name = myBookStoreApp;
			packageProductDependencies = (
				A72EC5A527787D1F00F4AE3E /* FirebaseAuth */,
				A72EC5A727787D1F00F4AE3E /* FirebaseFirestore */,
				A72EC5A927787D1F00F4AE3E /* FirebaseStorage */,
				A7DD8E5F278EFD3500A538FE /* IQKeyboardManagerSwift */,
			);
			productName = myBookStoreApp;
			productReference = A76056D72774B14C00B0AD3E /* myBookStoreApp.app */;
			productType = "com.apple.product-type.application";
		};
/* End PBXNativeTarget section */

/* Begin PBXProject section */
		A76056CF2774B14C00B0AD3E /* Project object */ = {
			isa = PBXProject;
			attributes = {
				BuildIndependentTargetsInParallel = 1;
				LastSwiftUpdateCheck = 1310;
				LastUpgradeCheck = 1310;
				TargetAttributes = {
					A76056D62774B14C00B0AD3E = {
						CreatedOnToolsVersion = 13.1;
					};
				};
			};
			buildConfigurationList = A76056D22774B14C00B0AD3E /* Build configuration list for PBXProject "myBookStoreApp" */;
			compatibilityVersion = "Xcode 13.0";
			developmentRegion = en;
			hasScannedForEncodings = 0;
			knownRegions = (
				en,
				Base,
				ar,
			);
			mainGroup = A76056CE2774B14C00B0AD3E;
			packageReferences = (
				A72EC5A427787D1F00F4AE3E /* XCRemoteSwiftPackageReference "firebase-ios-sdk" */,
				A7DD8E5E278EFD3400A538FE /* XCRemoteSwiftPackageReference "IQKeyboardManager" */,
			);
			productRefGroup = A76056D82774B14C00B0AD3E /* Products */;
			projectDirPath = "";
			projectRoot = "";
			targets = (
				A76056D62774B14C00B0AD3E /* myBookStoreApp */,
			);
		};
/* End PBXProject section */

/* Begin PBXResourcesBuildPhase section */
		A76056D52774B14C00B0AD3E /* Resources */ = {
			isa = PBXResourcesBuildPhase;
			buildActionMask = 2147483647;
			files = (
				A76056E72774B15100B0AD3E /* LaunchScreen.storyboard in Resources */,
				A730206C277F6E5500470AE8 /* Localizable.strings in Resources */,
				A76056E42774B15100B0AD3E /* Assets.xcassets in Resources */,
				4D8CD878277BD81200385785 /* PostCell.xib in Resources */,
				A76056E22774B14C00B0AD3E /* Main.storyboard in Resources */,
				A72EC5A327787A9F00F4AE3E /* GoogleService-Info.plist in Resources */,
			);
			runOnlyForDeploymentPostprocessing = 0;
		};
/* End PBXResourcesBuildPhase section */

/* Begin PBXSourcesBuildPhase section */
		A76056D32774B14C00B0AD3E /* Sources */ = {
			isa = PBXSourcesBuildPhase;
			buildActionMask = 2147483647;
			files = (
				4D8CD877277BD81200385785 /* User.swift in Sources */,
				4D8CD872277BD81200385785 /* ImageView.swift in Sources */,
				4D8CD871277BD81200385785 /* PostCell.swift in Sources */,
				A72EC593277861E800F4AE3E /* LoginViewController.swift in Sources */,
				4D8CD875277BD81200385785 /* DetailsViewController.swift in Sources */,
				A7DD8E5D27857BB100A538FE /* MyBooksViewController.swift in Sources */,
				4D8CD87A277BD81200385785 /* HomeViewController.swift in Sources */,
				A76056DF2774B14C00B0AD3E /* ViewController.swift in Sources */,
				4D8CD874277BD81200385785 /* PostViewController.swift in Sources */,
				A73020712781838D00470AE8 /* BundleExtention.swift in Sources */,
				4D8CD876277BD81200385785 /* Alert.swift in Sources */,
				4D8CD879277BD81200385785 /* LandingViewController.swift in Sources */,
				A72EC591277861A800F4AE3E /* RegisterViewController.swift in Sources */,
				4D8CD870277BD81200385785 /* Post.swift in Sources */,
				4D8CD873277BD81200385785 /* Activity.swift in Sources */,
				A76056DB2774B14C00B0AD3E /* AppDelegate.swift in Sources */,
				A76056DD2774B14C00B0AD3E /* SceneDelegate.swift in Sources */,
			);
			runOnlyForDeploymentPostprocessing = 0;
		};
/* End PBXSourcesBuildPhase section */

/* Begin PBXVariantGroup section */
		A730206E277F6E5500470AE8 /* Localizable.strings */ = {
			isa = PBXVariantGroup;
			children = (
				A730206D277F6E5500470AE8 /* ar */,
				A730206F277F6E5800470AE8 /* en */,
			);
			name = Localizable.strings;
			sourceTree = "<group>";
		};
		A76056E02774B14C00B0AD3E /* Main.storyboard */ = {
			isa = PBXVariantGroup;
			children = (
				A76056E12774B14C00B0AD3E /* Base */,
				A72EC5942778649B00F4AE3E /* ar */,
				A72EC597277864DF00F4AE3E /* en */,
			);
			name = Main.storyboard;
			sourceTree = "<group>";
		};
		A76056E52774B15100B0AD3E /* LaunchScreen.storyboard */ = {
			isa = PBXVariantGroup;
			children = (
				A76056E62774B15100B0AD3E /* Base */,
				A72EC5952778649B00F4AE3E /* ar */,
				A72EC599277864FC00F4AE3E /* en */,
			);
			name = LaunchScreen.storyboard;
			sourceTree = "<group>";
		};
/* End PBXVariantGroup section */

/* Begin XCBuildConfiguration section */
		A76056E92774B15100B0AD3E /* Debug */ = {
			isa = XCBuildConfiguration;
			buildSettings = {
				ALWAYS_SEARCH_USER_PATHS = NO;
				CLANG_ANALYZER_LOCALIZABILITY_NONLOCALIZED = YES;
				CLANG_ANALYZER_NONNULL = YES;
				CLANG_ANALYZER_NUMBER_OBJECT_CONVERSION = YES_AGGRESSIVE;
				CLANG_CXX_LANGUAGE_STANDARD = "gnu++17";
				CLANG_CXX_LIBRARY = "libc++";
				CLANG_ENABLE_MODULES = YES;
				CLANG_ENABLE_OBJC_ARC = YES;
				CLANG_ENABLE_OBJC_WEAK = YES;
				CLANG_WARN_BLOCK_CAPTURE_AUTORELEASING = YES;
				CLANG_WARN_BOOL_CONVERSION = YES;
				CLANG_WARN_COMMA = YES;
				CLANG_WARN_CONSTANT_CONVERSION = YES;
				CLANG_WARN_DEPRECATED_OBJC_IMPLEMENTATIONS = YES;
				CLANG_WARN_DIRECT_OBJC_ISA_USAGE = YES_ERROR;
				CLANG_WARN_DOCUMENTATION_COMMENTS = YES;
				CLANG_WARN_EMPTY_BODY = YES;
				CLANG_WARN_ENUM_CONVERSION = YES;
				CLANG_WARN_INFINITE_RECURSION = YES;
				CLANG_WARN_INT_CONVERSION = YES;
				CLANG_WARN_NON_LITERAL_NULL_CONVERSION = YES;
				CLANG_WARN_OBJC_IMPLICIT_RETAIN_SELF = YES;
				CLANG_WARN_OBJC_LITERAL_CONVERSION = YES;
				CLANG_WARN_OBJC_ROOT_CLASS = YES_ERROR;
				CLANG_WARN_QUOTED_INCLUDE_IN_FRAMEWORK_HEADER = YES;
				CLANG_WARN_RANGE_LOOP_ANALYSIS = YES;
				CLANG_WARN_STRICT_PROTOTYPES = YES;
				CLANG_WARN_SUSPICIOUS_MOVE = YES;
				CLANG_WARN_UNGUARDED_AVAILABILITY = YES_AGGRESSIVE;
				CLANG_WARN_UNREACHABLE_CODE = YES;
				CLANG_WARN__DUPLICATE_METHOD_MATCH = YES;
				COPY_PHASE_STRIP = NO;
				DEBUG_INFORMATION_FORMAT = dwarf;
				ENABLE_STRICT_OBJC_MSGSEND = YES;
				ENABLE_TESTABILITY = YES;
				GCC_C_LANGUAGE_STANDARD = gnu11;
				GCC_DYNAMIC_NO_PIC = NO;
				GCC_NO_COMMON_BLOCKS = YES;
				GCC_OPTIMIZATION_LEVEL = 0;
				GCC_PREPROCESSOR_DEFINITIONS = (
					"DEBUG=1",
					"$(inherited)",
				);
				GCC_WARN_64_TO_32_BIT_CONVERSION = YES;
				GCC_WARN_ABOUT_RETURN_TYPE = YES_ERROR;
				GCC_WARN_UNDECLARED_SELECTOR = YES;
				GCC_WARN_UNINITIALIZED_AUTOS = YES_AGGRESSIVE;
				GCC_WARN_UNUSED_FUNCTION = YES;
				GCC_WARN_UNUSED_VARIABLE = YES;
				IPHONEOS_DEPLOYMENT_TARGET = 15.0;
				MTL_ENABLE_DEBUG_INFO = INCLUDE_SOURCE;
				MTL_FAST_MATH = YES;
				ONLY_ACTIVE_ARCH = YES;
				SDKROOT = iphoneos;
				SWIFT_ACTIVE_COMPILATION_CONDITIONS = DEBUG;
				SWIFT_OPTIMIZATION_LEVEL = "-Onone";
			};
			name = Debug;
		};
		A76056EA2774B15100B0AD3E /* Release */ = {
			isa = XCBuildConfiguration;
			buildSettings = {
				ALWAYS_SEARCH_USER_PATHS = NO;
				CLANG_ANALYZER_LOCALIZABILITY_NONLOCALIZED = YES;
				CLANG_ANALYZER_NONNULL = YES;
				CLANG_ANALYZER_NUMBER_OBJECT_CONVERSION = YES_AGGRESSIVE;
				CLANG_CXX_LANGUAGE_STANDARD = "gnu++17";
				CLANG_CXX_LIBRARY = "libc++";
				CLANG_ENABLE_MODULES = YES;
				CLANG_ENABLE_OBJC_ARC = YES;
				CLANG_ENABLE_OBJC_WEAK = YES;
				CLANG_WARN_BLOCK_CAPTURE_AUTORELEASING = YES;
				CLANG_WARN_BOOL_CONVERSION = YES;
				CLANG_WARN_COMMA = YES;
				CLANG_WARN_CONSTANT_CONVERSION = YES;
				CLANG_WARN_DEPRECATED_OBJC_IMPLEMENTATIONS = YES;
				CLANG_WARN_DIRECT_OBJC_ISA_USAGE = YES_ERROR;
				CLANG_WARN_DOCUMENTATION_COMMENTS = YES;
				CLANG_WARN_EMPTY_BODY = YES;
				CLANG_WARN_ENUM_CONVERSION = YES;
				CLANG_WARN_INFINITE_RECURSION = YES;
				CLANG_WARN_INT_CONVERSION = YES;
				CLANG_WARN_NON_LITERAL_NULL_CONVERSION = YES;
				CLANG_WARN_OBJC_IMPLICIT_RETAIN_SELF = YES;
				CLANG_WARN_OBJC_LITERAL_CONVERSION = YES;
				CLANG_WARN_OBJC_ROOT_CLASS = YES_ERROR;
				CLANG_WARN_QUOTED_INCLUDE_IN_FRAMEWORK_HEADER = YES;
				CLANG_WARN_RANGE_LOOP_ANALYSIS = YES;
				CLANG_WARN_STRICT_PROTOTYPES = YES;
				CLANG_WARN_SUSPICIOUS_MOVE = YES;
				CLANG_WARN_UNGUARDED_AVAILABILITY = YES_AGGRESSIVE;
				CLANG_WARN_UNREACHABLE_CODE = YES;
				CLANG_WARN__DUPLICATE_METHOD_MATCH = YES;
				COPY_PHASE_STRIP = NO;
				DEBUG_INFORMATION_FORMAT = "dwarf-with-dsym";
				ENABLE_NS_ASSERTIONS = NO;
				ENABLE_STRICT_OBJC_MSGSEND = YES;
				GCC_C_LANGUAGE_STANDARD = gnu11;
				GCC_NO_COMMON_BLOCKS = YES;
				GCC_WARN_64_TO_32_BIT_CONVERSION = YES;
				GCC_WARN_ABOUT_RETURN_TYPE = YES_ERROR;
				GCC_WARN_UNDECLARED_SELECTOR = YES;
				GCC_WARN_UNINITIALIZED_AUTOS = YES_AGGRESSIVE;
				GCC_WARN_UNUSED_FUNCTION = YES;
				GCC_WARN_UNUSED_VARIABLE = YES;
				IPHONEOS_DEPLOYMENT_TARGET = 15.0;
				MTL_ENABLE_DEBUG_INFO = NO;
				MTL_FAST_MATH = YES;
				SDKROOT = iphoneos;
				SWIFT_COMPILATION_MODE = wholemodule;
				SWIFT_OPTIMIZATION_LEVEL = "-O";
				VALIDATE_PRODUCT = YES;
			};
			name = Release;
		};
		A76056EC2774B15100B0AD3E /* Debug */ = {
			isa = XCBuildConfiguration;
			buildSettings = {
				ASSETCATALOG_COMPILER_APPICON_NAME = AppIcon;
				ASSETCATALOG_COMPILER_GLOBAL_ACCENT_COLOR_NAME = AccentColor;
				CODE_SIGN_STYLE = Automatic;
				CURRENT_PROJECT_VERSION = 1;
				GENERATE_INFOPLIST_FILE = YES;
				INFOPLIST_FILE = myBookStoreApp/Info.plist;
				"INFOPLIST_FILE[sdk=*]" = myBookStoreApp/Info.plist;
				INFOPLIST_KEY_UIApplicationSupportsIndirectInputEvents = YES;
				INFOPLIST_KEY_UILaunchStoryboardName = LaunchScreen;
				INFOPLIST_KEY_UIMainStoryboardFile = Main;
				INFOPLIST_KEY_UISupportedInterfaceOrientations_iPad = "UIInterfaceOrientationPortrait UIInterfaceOrientationPortraitUpsideDown UIInterfaceOrientationLandscapeLeft UIInterfaceOrientationLandscapeRight";
				INFOPLIST_KEY_UISupportedInterfaceOrientations_iPhone = "UIInterfaceOrientationPortrait UIInterfaceOrientationLandscapeLeft UIInterfaceOrientationLandscapeRight";
				LD_RUNPATH_SEARCH_PATHS = (
					"$(inherited)",
					"@executable_path/Frameworks",
				);
				MARKETING_VERSION = 1.0;
				PRODUCT_BUNDLE_IDENTIFIER = doaa.myBookStoreApp;
				PRODUCT_NAME = "$(TARGET_NAME)";
				SWIFT_EMIT_LOC_STRINGS = YES;
				SWIFT_VERSION = 5.0;
				TARGETED_DEVICE_FAMILY = "1,2";
			};
			name = Debug;
		};
		A76056ED2774B15100B0AD3E /* Release */ = {
			isa = XCBuildConfiguration;
			buildSettings = {
				ASSETCATALOG_COMPILER_APPICON_NAME = AppIcon;
				ASSETCATALOG_COMPILER_GLOBAL_ACCENT_COLOR_NAME = AccentColor;
				CODE_SIGN_STYLE = Automatic;
				CURRENT_PROJECT_VERSION = 1;
				GENERATE_INFOPLIST_FILE = YES;
				INFOPLIST_FILE = myBookStoreApp/Info.plist;
				INFOPLIST_KEY_UIApplicationSupportsIndirectInputEvents = YES;
				INFOPLIST_KEY_UILaunchStoryboardName = LaunchScreen;
				INFOPLIST_KEY_UIMainStoryboardFile = Main;
				INFOPLIST_KEY_UISupportedInterfaceOrientations_iPad = "UIInterfaceOrientationPortrait UIInterfaceOrientationPortraitUpsideDown UIInterfaceOrientationLandscapeLeft UIInterfaceOrientationLandscapeRight";
				INFOPLIST_KEY_UISupportedInterfaceOrientations_iPhone = "UIInterfaceOrientationPortrait UIInterfaceOrientationLandscapeLeft UIInterfaceOrientationLandscapeRight";
				LD_RUNPATH_SEARCH_PATHS = (
					"$(inherited)",
					"@executable_path/Frameworks",
				);
				MARKETING_VERSION = 1.0;
				PRODUCT_BUNDLE_IDENTIFIER = doaa.myBookStoreApp;
				PRODUCT_NAME = "$(TARGET_NAME)";
				SWIFT_EMIT_LOC_STRINGS = YES;
				SWIFT_VERSION = 5.0;
				TARGETED_DEVICE_FAMILY = "1,2";
			};
			name = Release;
		};
/* End XCBuildConfiguration section */

/* Begin XCConfigurationList section */
		A76056D22774B14C00B0AD3E /* Build configuration list for PBXProject "myBookStoreApp" */ = {
			isa = XCConfigurationList;
			buildConfigurations = (
				A76056E92774B15100B0AD3E /* Debug */,
				A76056EA2774B15100B0AD3E /* Release */,
			);
			defaultConfigurationIsVisible = 0;
			defaultConfigurationName = Release;
		};
		A76056EB2774B15100B0AD3E /* Build configuration list for PBXNativeTarget "myBookStoreApp" */ = {
			isa = XCConfigurationList;
			buildConfigurations = (
				A76056EC2774B15100B0AD3E /* Debug */,
				A76056ED2774B15100B0AD3E /* Release */,
			);
			defaultConfigurationIsVisible = 0;
			defaultConfigurationName = Release;
		};
/* End XCConfigurationList section */

/* Begin XCRemoteSwiftPackageReference section */
		A72EC5A427787D1F00F4AE3E /* XCRemoteSwiftPackageReference "firebase-ios-sdk" */ = {
			isa = XCRemoteSwiftPackageReference;
			repositoryURL = "https://github.com/firebase/firebase-ios-sdk";
			requirement = {
				kind = upToNextMajorVersion;
				minimumVersion = 8.0.0;
			};
		};
		A7DD8E5E278EFD3400A538FE /* XCRemoteSwiftPackageReference "IQKeyboardManager" */ = {
			isa = XCRemoteSwiftPackageReference;
			repositoryURL = "https://github.com/hackiftekhar/IQKeyboardManager";
			requirement = {
				kind = upToNextMajorVersion;
				minimumVersion = 6.0.0;
			};
		};
/* End XCRemoteSwiftPackageReference section */

/* Begin XCSwiftPackageProductDependency section */
		A72EC5A527787D1F00F4AE3E /* FirebaseAuth */ = {
			isa = XCSwiftPackageProductDependency;
			package = A72EC5A427787D1F00F4AE3E /* XCRemoteSwiftPackageReference "firebase-ios-sdk" */;
			productName = FirebaseAuth;
		};
		A72EC5A727787D1F00F4AE3E /* FirebaseFirestore */ = {
			isa = XCSwiftPackageProductDependency;
			package = A72EC5A427787D1F00F4AE3E /* XCRemoteSwiftPackageReference "firebase-ios-sdk" */;
			productName = FirebaseFirestore;
		};
		A72EC5A927787D1F00F4AE3E /* FirebaseStorage */ = {
			isa = XCSwiftPackageProductDependency;
			package = A72EC5A427787D1F00F4AE3E /* XCRemoteSwiftPackageReference "firebase-ios-sdk" */;
			productName = FirebaseStorage;
		};
		A7DD8E5F278EFD3500A538FE /* IQKeyboardManagerSwift */ = {
			isa = XCSwiftPackageProductDependency;
			package = A7DD8E5E278EFD3400A538FE /* XCRemoteSwiftPackageReference "IQKeyboardManager" */;
			productName = IQKeyboardManagerSwift;
		};
/* End XCSwiftPackageProductDependency section */
	};
	rootObject = A76056CF2774B14C00B0AD3E /* Project object */;
}
